
Microsoft Visual Studio Solution File, Format Version 12.00
# Visual Studio Version 16
VisualStudioVersion = 16.0.31624.102
MinimumVisualStudioVersion = 10.0.40219.1
Project("{FAE04EC0-301F-11D3-BF4B-00C04F79EFBC}") = "Airport", "Airport\Airport.csproj", "{DF44E360-AEEA-477C-81B5-B0EC694629CA}"
EndProject
Global
	GlobalSection(SolutionConfigurationPlatforms) = preSolution
		Debug|Any CPU = Debug|Any CPU
		Release|Any CPU = Release|Any CPU
	EndGlobalSection
	GlobalSection(ProjectConfigurationPlatforms) = postSolution
		{DF44E360-AEEA-477C-81B5-B0EC694629CA}.Debug|Any CPU.ActiveCfg = Debug|Any CPU
		{DF44E360-AEEA-477C-81B5-B0EC694629CA}.Debug|Any CPU.Build.0 = Debug|Any CPU
		{DF44E360-AEEA-477C-81B5-B0EC694629CA}.Release|Any CPU.ActiveCfg = Release|Any CPU
		{DF44E360-AEEA-477C-81B5-B0EC694629CA}.Release|Any CPU.Build.0 = Release|Any CPU
	EndGlobalSection
	GlobalSection(SolutionProperties) = preSolution
		HideSolutionNode = FALSE
	EndGlobalSection
	GlobalSection(ExtensibilityGlobals) = postSolution
		SolutionGuid = {53B372EF-4B79-4320-8949-DCDEB4FB1B94}
	EndGlobalSection
EndGlobal
